
Microsoft Visual Studio Solution File, Format Version 12.00
# Visual Studio Version 17
VisualStudioVersion = 17.0.31903.59
MinimumVisualStudioVersion = 10.0.40219.1
Project("{FAE04EC0-301F-11D3-BF4B-00C04F79EFBC}") = "math.extensions", "math.extensions\math.extensions.csproj", "{1166B713-6175-4392-89CF-75D81882960F}"
EndProject
Project("{FAE04EC0-301F-11D3-BF4B-00C04F79EFBC}") = "math.extensions.tests", "math.extensions.tests\math.extensions.tests.csproj", "{3F01D409-BFBD-4B80-A195-9C122F116B2F}"
EndProject
Global
	GlobalSection(SolutionConfigurationPlatforms) = preSolution
		Debug|Any CPU = Debug|Any CPU
		Release|Any CPU = Release|Any CPU
	EndGlobalSection
	GlobalSection(SolutionProperties) = preSolution
		HideSolutionNode = FALSE
	EndGlobalSection
	GlobalSection(ProjectConfigurationPlatforms) = postSolution
		{1166B713-6175-4392-89CF-75D81882960F}.Debug|Any CPU.ActiveCfg = Debug|Any CPU
		{1166B713-6175-4392-89CF-75D81882960F}.Debug|Any CPU.Build.0 = Debug|Any CPU
		{1166B713-6175-4392-89CF-75D81882960F}.Release|Any CPU.ActiveCfg = Release|Any CPU
		{1166B713-6175-4392-89CF-75D81882960F}.Release|Any CPU.Build.0 = Release|Any CPU
		{3F01D409-BFBD-4B80-A195-9C122F116B2F}.Debug|Any CPU.ActiveCfg = Debug|Any CPU
		{3F01D409-BFBD-4B80-A195-9C122F116B2F}.Debug|Any CPU.Build.0 = Debug|Any CPU
		{3F01D409-BFBD-4B80-A195-9C122F116B2F}.Release|Any CPU.ActiveCfg = Release|Any CPU
		{3F01D409-BFBD-4B80-A195-9C122F116B2F}.Release|Any CPU.Build.0 = Release|Any CPU
	EndGlobalSection
EndGlobal
